
Microsoft Visual Studio Solution File, Format Version 12.00
# Visual Studio Version 16
VisualStudioVersion = 16.0.32228.343
MinimumVisualStudioVersion = 10.0.40219.1
Project("{9A19103F-16F7-4668-BE54-9A1E7A4F7556}") = "Api", "Api\Api.csproj", "{E6C64786-0835-4757-99E0-2124F67393E0}"
EndProject
Project("{FAE04EC0-301F-11D3-BF4B-00C04F79EFBC}") = "UserApi", "UserApi\UserApi.csproj", "{4CF71064-A7A6-4740-8D76-C9596596BE04}"
EndProject
Project("{FAE04EC0-301F-11D3-BF4B-00C04F79EFBC}") = "DTO", "DTO\DTO.csproj", "{C6B8F593-569C-4E46-AD51-4B5145BC1FE1}"
EndProject
Global
	GlobalSection(SolutionConfigurationPlatforms) = preSolution
		Debug|Any CPU = Debug|Any CPU
		Release|Any CPU = Release|Any CPU
	EndGlobalSection
	GlobalSection(ProjectConfigurationPlatforms) = postSolution
		{E6C64786-0835-4757-99E0-2124F67393E0}.Debug|Any CPU.ActiveCfg = Debug|Any CPU
		{E6C64786-0835-4757-99E0-2124F67393E0}.Debug|Any CPU.Build.0 = Debug|Any CPU
		{E6C64786-0835-4757-99E0-2124F67393E0}.Release|Any CPU.ActiveCfg = Release|Any CPU
		{E6C64786-0835-4757-99E0-2124F67393E0}.Release|Any CPU.Build.0 = Release|Any CPU
		{4CF71064-A7A6-4740-8D76-C9596596BE04}.Debug|Any CPU.ActiveCfg = Debug|Any CPU
		{4CF71064-A7A6-4740-8D76-C9596596BE04}.Debug|Any CPU.Build.0 = Debug|Any CPU
		{4CF71064-A7A6-4740-8D76-C9596596BE04}.Release|Any CPU.ActiveCfg = Release|Any CPU
		{4CF71064-A7A6-4740-8D76-C9596596BE04}.Release|Any CPU.Build.0 = Release|Any CPU
		{C6B8F593-569C-4E46-AD51-4B5145BC1FE1}.Debug|Any CPU.ActiveCfg = Debug|Any CPU
		{C6B8F593-569C-4E46-AD51-4B5145BC1FE1}.Debug|Any CPU.Build.0 = Debug|Any CPU
		{C6B8F593-569C-4E46-AD51-4B5145BC1FE1}.Release|Any CPU.ActiveCfg = Release|Any CPU
		{C6B8F593-569C-4E46-AD51-4B5145BC1FE1}.Release|Any CPU.Build.0 = Release|Any CPU
	EndGlobalSection
	GlobalSection(SolutionProperties) = preSolution
		HideSolutionNode = FALSE
	EndGlobalSection
	GlobalSection(ExtensibilityGlobals) = postSolution
		SolutionGuid = {0DC08567-D33B-4E23-A37A-5BB691DDC61E}
	EndGlobalSection
EndGlobal
